
Microsoft Visual Studio Solution File, Format Version 12.00
# Visual Studio 2012
Project("{FAE04EC0-301F-11D3-BF4B-00C04F79EFBC}") = "THG", "THG\THG.csproj", "{3AF0BCE9-3D9B-4CA3-A1FA-A1FF28FDFB1D}"
EndProject
Global
	GlobalSection(SolutionConfigurationPlatforms) = preSolution
		Debug|x86 = Debug|x86
		Release|x86 = Release|x86
	EndGlobalSection
	GlobalSection(ProjectConfigurationPlatforms) = postSolution
		{3AF0BCE9-3D9B-4CA3-A1FA-A1FF28FDFB1D}.Debug|x86.ActiveCfg = Debug|x86
		{3AF0BCE9-3D9B-4CA3-A1FA-A1FF28FDFB1D}.Debug|x86.Build.0 = Debug|x86
		{3AF0BCE9-3D9B-4CA3-A1FA-A1FF28FDFB1D}.Release|x86.ActiveCfg = Release|x86
		{3AF0BCE9-3D9B-4CA3-A1FA-A1FF28FDFB1D}.Release|x86.Build.0 = Release|x86
	EndGlobalSection
	GlobalSection(MonoDevelopProperties) = preSolution
		StartupItem = THG\THG.csproj
	EndGlobalSection
EndGlobal
